
Microsoft Visual Studio Solution File, Format Version 12.00
# Visual Studio Version 17
VisualStudioVersion = 17.5.33627.172
MinimumVisualStudioVersion = 10.0.40219.1
Project("{FAE04EC0-301F-11D3-BF4B-00C04F79EFBC}") = "ChallengeApp", "ChallengeApp\ChallengeApp.csproj", "{EFE26C7E-952C-439A-9CB7-854F9C283EBB}"
EndProject
Global
	GlobalSection(SolutionConfigurationPlatforms) = preSolution
		Debug|Any CPU = Debug|Any CPU
		Release|Any CPU = Release|Any CPU
	EndGlobalSection
	GlobalSection(ProjectConfigurationPlatforms) = postSolution
		{EFE26C7E-952C-439A-9CB7-854F9C283EBB}.Debug|Any CPU.ActiveCfg = Debug|Any CPU
		{EFE26C7E-952C-439A-9CB7-854F9C283EBB}.Debug|Any CPU.Build.0 = Debug|Any CPU
		{EFE26C7E-952C-439A-9CB7-854F9C283EBB}.Release|Any CPU.ActiveCfg = Release|Any CPU
		{EFE26C7E-952C-439A-9CB7-854F9C283EBB}.Release|Any CPU.Build.0 = Release|Any CPU
	EndGlobalSection
	GlobalSection(SolutionProperties) = preSolution
		HideSolutionNode = FALSE
	EndGlobalSection
	GlobalSection(ExtensibilityGlobals) = postSolution
		SolutionGuid = {447505D5-AC53-4417-A056-B8BAFCF687BF}
	EndGlobalSection
EndGlobal
